// !$*UTF8*$!
{
	archiveVersion = 1;
	classes = {
	};
	objectVersion = 50;
	objects = {

/* Begin PBXBuildFile section */
		203E7F470E2EAAE5CCD0B2D8 /* Pods_ANQiNiuAPI.framework in Frameworks */ = {isa = PBXBuildFile; fileRef = 9F2C8933A51CF77EC8C8A560 /* Pods_ANQiNiuAPI.framework */; };
		A02F92A621D4C85A0052D837 /* ANQiNiuAPI.h in Headers */ = {isa = PBXBuildFile; fileRef = A02F929821D4C85A0052D837 /* ANQiNiuAPI.h */; settings = {ATTRIBUTES = (Public, ); }; };
		A02F92B521D4C8F00052D837 /* QNError.swift in Sources */ = {isa = PBXBuildFile; fileRef = A02F92B321D4C8F00052D837 /* QNError.swift */; };
		A02F92B621D4C8F00052D837 /* QNZone.swift in Sources */ = {isa = PBXBuildFile; fileRef = A02F92B421D4C8F00052D837 /* QNZone.swift */; };
		A02F92BA21D4C8F50052D837 /* QNUploadToken.swift in Sources */ = {isa = PBXBuildFile; fileRef = A02F92B721D4C8F50052D837 /* QNUploadToken.swift */; };
		A02F92BB21D4C8F50052D837 /* QNDownloadToken.swift in Sources */ = {isa = PBXBuildFile; fileRef = A02F92B821D4C8F50052D837 /* QNDownloadToken.swift */; };
		A02F92BC21D4C8F50052D837 /* QNAccessToken.swift in Sources */ = {isa = PBXBuildFile; fileRef = A02F92B921D4C8F50052D837 /* QNAccessToken.swift */; };
		A02F92BE21D4C9180052D837 /* QNCoreService+Buckets.swift in Sources */ = {isa = PBXBuildFile; fileRef = A02F92BD21D4C9180052D837 /* QNCoreService+Buckets.swift */; };
		A02F92C021D4C9240052D837 /* QNCoreService.swift in Sources */ = {isa = PBXBuildFile; fileRef = A02F92BF21D4C9240052D837 /* QNCoreService.swift */; };
		A02F92DC21D4D4100052D837 /* QNObjectService+FormUpload.swift in Sources */ = {isa = PBXBuildFile; fileRef = A02F92DA21D4CF390052D837 /* QNObjectService+FormUpload.swift */; };
		A02F92DD21D4D4150052D837 /* QNObjectService.swift in Sources */ = {isa = PBXBuildFile; fileRef = A02F92D821D4CEEE0052D837 /* QNObjectService.swift */; };
		A02F92DF21D4D4890052D837 /* Ex+ExpressibleByIntegerLiteral.swift in Sources */ = {isa = PBXBuildFile; fileRef = A02F92DE21D4D4890052D837 /* Ex+ExpressibleByIntegerLiteral.swift */; };
		A02F92E221D4E4890052D837 /* QNMIMEType.swift in Sources */ = {isa = PBXBuildFile; fileRef = A02F92E121D4E4890052D837 /* QNMIMEType.swift */; };
		A0AE0C4D21E73B4700BFCFA7 /* QNJSONUploadAPI.swift in Sources */ = {isa = PBXBuildFile; fileRef = A0AE0C4C21E73B4700BFCFA7 /* QNJSONUploadAPI.swift */; };
		A0AE0C4F21E73B5500BFCFA7 /* QNJSONRequestAPI.swift in Sources */ = {isa = PBXBuildFile; fileRef = A0AE0C4E21E73B5500BFCFA7 /* QNJSONRequestAPI.swift */; };
		A0DE6FA921D8C18B00AD4BF1 /* QNUploadResult.swift in Sources */ = {isa = PBXBuildFile; fileRef = A0DE6FA821D8C18B00AD4BF1 /* QNUploadResult.swift */; };
/* End PBXBuildFile section */

/* Begin PBXFileReference section */
		263B4699F2F4A62F89D70291 /* Pods-ANQiNiuAPI.debug.xcconfig */ = {isa = PBXFileReference; includeInIndex = 1; lastKnownFileType = text.xcconfig; name = "Pods-ANQiNiuAPI.debug.xcconfig"; path = "Target Support Files/Pods-ANQiNiuAPI/Pods-ANQiNiuAPI.debug.xcconfig"; sourceTree = "<group>"; };
		9F2C8933A51CF77EC8C8A560 /* Pods_ANQiNiuAPI.framework */ = {isa = PBXFileReference; explicitFileType = wrapper.framework; includeInIndex = 0; path = Pods_ANQiNiuAPI.framework; sourceTree = BUILT_PRODUCTS_DIR; };
		A02F929521D4C85A0052D837 /* ANQiNiuAPI.framework */ = {isa = PBXFileReference; explicitFileType = wrapper.framework; includeInIndex = 0; path = ANQiNiuAPI.framework; sourceTree = BUILT_PRODUCTS_DIR; };
		A02F929821D4C85A0052D837 /* ANQiNiuAPI.h */ = {isa = PBXFileReference; lastKnownFileType = sourcecode.c.h; path = ANQiNiuAPI.h; sourceTree = "<group>"; };
		A02F929921D4C85A0052D837 /* Info.plist */ = {isa = PBXFileReference; lastKnownFileType = text.plist.xml; path = Info.plist; sourceTree = "<group>"; };
		A02F92B321D4C8F00052D837 /* QNError.swift */ = {isa = PBXFileReference; fileEncoding = 4; lastKnownFileType = sourcecode.swift; path = QNError.swift; sourceTree = "<group>"; };
		A02F92B421D4C8F00052D837 /* QNZone.swift */ = {isa = PBXFileReference; fileEncoding = 4; lastKnownFileType = sourcecode.swift; path = QNZone.swift; sourceTree = "<group>"; };
		A02F92B721D4C8F50052D837 /* QNUploadToken.swift */ = {isa = PBXFileReference; fileEncoding = 4; lastKnownFileType = sourcecode.swift; path = QNUploadToken.swift; sourceTree = "<group>"; };
		A02F92B821D4C8F50052D837 /* QNDownloadToken.swift */ = {isa = PBXFileReference; fileEncoding = 4; lastKnownFileType = sourcecode.swift; path = QNDownloadToken.swift; sourceTree = "<group>"; };
		A02F92B921D4C8F50052D837 /* QNAccessToken.swift */ = {isa = PBXFileReference; fileEncoding = 4; lastKnownFileType = sourcecode.swift; path = QNAccessToken.swift; sourceTree = "<group>"; };
		A02F92BD21D4C9180052D837 /* QNCoreService+Buckets.swift */ = {isa = PBXFileReference; fileEncoding = 4; lastKnownFileType = sourcecode.swift; path = "QNCoreService+Buckets.swift"; sourceTree = "<group>"; };
		A02F92BF21D4C9240052D837 /* QNCoreService.swift */ = {isa = PBXFileReference; fileEncoding = 4; lastKnownFileType = sourcecode.swift; path = QNCoreService.swift; sourceTree = "<group>"; };
		A02F92C121D4C94A0052D837 /* Cartfile */ = {isa = PBXFileReference; lastKnownFileType = text; path = Cartfile; sourceTree = "<group>"; };
		A02F92D621D4CE140052D837 /* README.md */ = {isa = PBXFileReference; lastKnownFileType = net.daringfireball.markdown; path = README.md; sourceTree = "<group>"; };
		A02F92D721D4CE140052D837 /* LICENSE */ = {isa = PBXFileReference; lastKnownFileType = text; path = LICENSE; sourceTree = "<group>"; };
		A02F92D821D4CEEE0052D837 /* QNObjectService.swift */ = {isa = PBXFileReference; lastKnownFileType = sourcecode.swift; path = QNObjectService.swift; sourceTree = "<group>"; };
		A02F92DA21D4CF390052D837 /* QNObjectService+FormUpload.swift */ = {isa = PBXFileReference; lastKnownFileType = sourcecode.swift; path = "QNObjectService+FormUpload.swift"; sourceTree = "<group>"; };
		A02F92DE21D4D4890052D837 /* Ex+ExpressibleByIntegerLiteral.swift */ = {isa = PBXFileReference; lastKnownFileType = sourcecode.swift; path = "Ex+ExpressibleByIntegerLiteral.swift"; sourceTree = "<group>"; };
		A02F92E121D4E4890052D837 /* QNMIMEType.swift */ = {isa = PBXFileReference; lastKnownFileType = sourcecode.swift; path = QNMIMEType.swift; sourceTree = "<group>"; };
		A0AE0C4C21E73B4700BFCFA7 /* QNJSONUploadAPI.swift */ = {isa = PBXFileReference; lastKnownFileType = sourcecode.swift; path = QNJSONUploadAPI.swift; sourceTree = "<group>"; };
		A0AE0C4E21E73B5500BFCFA7 /* QNJSONRequestAPI.swift */ = {isa = PBXFileReference; lastKnownFileType = sourcecode.swift; path = QNJSONRequestAPI.swift; sourceTree = "<group>"; };
		A0DE6FA821D8C18B00AD4BF1 /* QNUploadResult.swift */ = {isa = PBXFileReference; lastKnownFileType = sourcecode.swift; path = QNUploadResult.swift; sourceTree = "<group>"; };
		CDB9C07D7AFE00F39AE63994 /* Pods-ANQiNiuAPI.release.xcconfig */ = {isa = PBXFileReference; includeInIndex = 1; lastKnownFileType = text.xcconfig; name = "Pods-ANQiNiuAPI.release.xcconfig"; path = "Target Support Files/Pods-ANQiNiuAPI/Pods-ANQiNiuAPI.release.xcconfig"; sourceTree = "<group>"; };
/* End PBXFileReference section */

/* Begin PBXFrameworksBuildPhase section */
		A02F929221D4C85A0052D837 /* Frameworks */ = {
			isa = PBXFrameworksBuildPhase;
			buildActionMask = 2147483647;
			files = (
				203E7F470E2EAAE5CCD0B2D8 /* Pods_ANQiNiuAPI.framework in Frameworks */,
			);
			runOnlyForDeploymentPostprocessing = 0;
		};
/* End PBXFrameworksBuildPhase section */

/* Begin PBXGroup section */
		A02F928B21D4C85A0052D837 = {
			isa = PBXGroup;
			children = (
				A02F92D721D4CE140052D837 /* LICENSE */,
				A02F92D621D4CE140052D837 /* README.md */,
				A02F92C121D4C94A0052D837 /* Cartfile */,
				A02F929721D4C85A0052D837 /* Sources */,
				A02F929621D4C85A0052D837 /* Products */,
				A02F92C221D4CBF90052D837 /* Frameworks */,
				A45C58E10C7A09745597B740 /* Pods */,
			);
			sourceTree = "<group>";
		};
		A02F929621D4C85A0052D837 /* Products */ = {
			isa = PBXGroup;
			children = (
				A02F929521D4C85A0052D837 /* ANQiNiuAPI.framework */,
			);
			name = Products;
			sourceTree = "<group>";
		};
		A02F929721D4C85A0052D837 /* Sources */ = {
			isa = PBXGroup;
			children = (
				A02F929821D4C85A0052D837 /* ANQiNiuAPI.h */,
				A02F929921D4C85A0052D837 /* Info.plist */,
				A0AE0C4B21E73AD200BFCFA7 /* Common */,
				A02F92E521D4E74C0052D837 /* Token */,
				A02F92E421D4E7350052D837 /* CoreService */,
				A02F92E321D4E7290052D837 /* ObjectService */,
				A02F92E021D4D4A20052D837 /* Extension */,
			);
			path = Sources;
			sourceTree = "<group>";
		};
		A02F92C221D4CBF90052D837 /* Frameworks */ = {
			isa = PBXGroup;
			children = (
				9F2C8933A51CF77EC8C8A560 /* Pods_ANQiNiuAPI.framework */,
			);
			name = Frameworks;
			sourceTree = "<group>";
		};
		A02F92E021D4D4A20052D837 /* Extension */ = {
			isa = PBXGroup;
			children = (
				A02F92DE21D4D4890052D837 /* Ex+ExpressibleByIntegerLiteral.swift */,
			);
			path = Extension;
			sourceTree = "<group>";
		};
		A02F92E321D4E7290052D837 /* ObjectService */ = {
			isa = PBXGroup;
			children = (
				A02F92D821D4CEEE0052D837 /* QNObjectService.swift */,
				A02F92DA21D4CF390052D837 /* QNObjectService+FormUpload.swift */,
				A0DE6FA821D8C18B00AD4BF1 /* QNUploadResult.swift */,
			);
			path = ObjectService;
			sourceTree = "<group>";
		};
		A02F92E421D4E7350052D837 /* CoreService */ = {
			isa = PBXGroup;
			children = (
				A02F92BF21D4C9240052D837 /* QNCoreService.swift */,
				A02F92BD21D4C9180052D837 /* QNCoreService+Buckets.swift */,
			);
			path = CoreService;
			sourceTree = "<group>";
		};
		A02F92E521D4E74C0052D837 /* Token */ = {
			isa = PBXGroup;
			children = (
				A02F92B721D4C8F50052D837 /* QNUploadToken.swift */,
				A02F92B821D4C8F50052D837 /* QNDownloadToken.swift */,
				A02F92B921D4C8F50052D837 /* QNAccessToken.swift */,
			);
			path = Token;
			sourceTree = "<group>";
		};
		A0AE0C4B21E73AD200BFCFA7 /* Common */ = {
			isa = PBXGroup;
			children = (
				A02F92B321D4C8F00052D837 /* QNError.swift */,
				A02F92B421D4C8F00052D837 /* QNZone.swift */,
				A02F92E121D4E4890052D837 /* QNMIMEType.swift */,
				A0AE0C4E21E73B5500BFCFA7 /* QNJSONRequestAPI.swift */,
				A0AE0C4C21E73B4700BFCFA7 /* QNJSONUploadAPI.swift */,
			);
			path = Common;
			sourceTree = "<group>";
		};
		A45C58E10C7A09745597B740 /* Pods */ = {
			isa = PBXGroup;
			children = (
				263B4699F2F4A62F89D70291 /* Pods-ANQiNiuAPI.debug.xcconfig */,
				CDB9C07D7AFE00F39AE63994 /* Pods-ANQiNiuAPI.release.xcconfig */,
			);
			path = Pods;
			sourceTree = "<group>";
		};
/* End PBXGroup section */

/* Begin PBXHeadersBuildPhase section */
		A02F929021D4C85A0052D837 /* Headers */ = {
			isa = PBXHeadersBuildPhase;
			buildActionMask = 2147483647;
			files = (
				A02F92A621D4C85A0052D837 /* ANQiNiuAPI.h in Headers */,
			);
			runOnlyForDeploymentPostprocessing = 0;
		};
/* End PBXHeadersBuildPhase section */

/* Begin PBXNativeTarget section */
		A02F929421D4C85A0052D837 /* ANQiNiuAPI */ = {
			isa = PBXNativeTarget;
			buildConfigurationList = A02F92A921D4C85A0052D837 /* Build configuration list for PBXNativeTarget "ANQiNiuAPI" */;
			buildPhases = (
				57E105CA5121E38B4FAD5807 /* [CP] Check Pods Manifest.lock */,
				A02F929021D4C85A0052D837 /* Headers */,
				A02F929121D4C85A0052D837 /* Sources */,
				A02F929221D4C85A0052D837 /* Frameworks */,
				A02F929321D4C85A0052D837 /* Resources */,
			);
			buildRules = (
			);
			dependencies = (
			);
			name = ANQiNiuAPI;
			productName = ANQiNiuAPI;
			productReference = A02F929521D4C85A0052D837 /* ANQiNiuAPI.framework */;
			productType = "com.apple.product-type.framework";
		};
/* End PBXNativeTarget section */

/* Begin PBXProject section */
		A02F928C21D4C85A0052D837 /* Project object */ = {
			isa = PBXProject;
			attributes = {
				LastSwiftUpdateCheck = 1010;
				LastUpgradeCheck = 1010;
				ORGANIZATIONNAME = anotheren.com;
				TargetAttributes = {
					A02F929421D4C85A0052D837 = {
						CreatedOnToolsVersion = 10.1;
						LastSwiftMigration = 1020;
					};
				};
			};
			buildConfigurationList = A02F928F21D4C85A0052D837 /* Build configuration list for PBXProject "ANQiNiuAPI" */;
			compatibilityVersion = "Xcode 9.3";
			developmentRegion = en;
			hasScannedForEncodings = 0;
			knownRegions = (
				en,
				Base,
			);
			mainGroup = A02F928B21D4C85A0052D837;
			productRefGroup = A02F929621D4C85A0052D837 /* Products */;
			projectDirPath = "";
			projectRoot = "";
			targets = (
				A02F929421D4C85A0052D837 /* ANQiNiuAPI */,
			);
		};
/* End PBXProject section */

/* Begin PBXResourcesBuildPhase section */
		A02F929321D4C85A0052D837 /* Resources */ = {
			isa = PBXResourcesBuildPhase;
			buildActionMask = 2147483647;
			files = (
			);
			runOnlyForDeploymentPostprocessing = 0;
		};
/* End PBXResourcesBuildPhase section */

/* Begin PBXShellScriptBuildPhase section */
		57E105CA5121E38B4FAD5807 /* [CP] Check Pods Manifest.lock */ = {
			isa = PBXShellScriptBuildPhase;
			buildActionMask = 2147483647;
			files = (
			);
			inputFileListPaths = (
			);
			inputPaths = (
				"${PODS_PODFILE_DIR_PATH}/Podfile.lock",
				"${PODS_ROOT}/Manifest.lock",
			);
			name = "[CP] Check Pods Manifest.lock";
			outputFileListPaths = (
			);
			outputPaths = (
				"$(DERIVED_FILE_DIR)/Pods-ANQiNiuAPI-checkManifestLockResult.txt",
			);
			runOnlyForDeploymentPostprocessing = 0;
			shellPath = /bin/sh;
			shellScript = "diff \"${PODS_PODFILE_DIR_PATH}/Podfile.lock\" \"${PODS_ROOT}/Manifest.lock\" > /dev/null\nif [ $? != 0 ] ; then\n    # print error to STDERR\n    echo \"error: The sandbox is not in sync with the Podfile.lock. Run 'pod install' or update your CocoaPods installation.\" >&2\n    exit 1\nfi\n# This output is used by Xcode 'outputs' to avoid re-running this script phase.\necho \"SUCCESS\" > \"${SCRIPT_OUTPUT_FILE_0}\"\n";
			showEnvVarsInLog = 0;
		};
/* End PBXShellScriptBuildPhase section */

/* Begin PBXSourcesBuildPhase section */
		A02F929121D4C85A0052D837 /* Sources */ = {
			isa = PBXSourcesBuildPhase;
			buildActionMask = 2147483647;
			files = (
				A02F92BB21D4C8F50052D837 /* QNDownloadToken.swift in Sources */,
				A0DE6FA921D8C18B00AD4BF1 /* QNUploadResult.swift in Sources */,
				A02F92B621D4C8F00052D837 /* QNZone.swift in Sources */,
				A02F92BC21D4C8F50052D837 /* QNAccessToken.swift in Sources */,
				A02F92DC21D4D4100052D837 /* QNObjectService+FormUpload.swift in Sources */,
				A02F92BE21D4C9180052D837 /* QNCoreService+Buckets.swift in Sources */,
				A02F92DD21D4D4150052D837 /* QNObjectService.swift in Sources */,
				A02F92C021D4C9240052D837 /* QNCoreService.swift in Sources */,
				A02F92DF21D4D4890052D837 /* Ex+ExpressibleByIntegerLiteral.swift in Sources */,
				A02F92E221D4E4890052D837 /* QNMIMEType.swift in Sources */,
				A0AE0C4D21E73B4700BFCFA7 /* QNJSONUploadAPI.swift in Sources */,
				A02F92B521D4C8F00052D837 /* QNError.swift in Sources */,
				A02F92BA21D4C8F50052D837 /* QNUploadToken.swift in Sources */,
				A0AE0C4F21E73B5500BFCFA7 /* QNJSONRequestAPI.swift in Sources */,
			);
			runOnlyForDeploymentPostprocessing = 0;
		};
/* End PBXSourcesBuildPhase section */

/* Begin XCBuildConfiguration section */
		A02F92A721D4C85A0052D837 /* Debug */ = {
			isa = XCBuildConfiguration;
			buildSettings = {
				ALWAYS_SEARCH_USER_PATHS = NO;
				CLANG_ANALYZER_NONNULL = YES;
				CLANG_ANALYZER_NUMBER_OBJECT_CONVERSION = YES_AGGRESSIVE;
				CLANG_CXX_LANGUAGE_STANDARD = "gnu++14";
				CLANG_CXX_LIBRARY = "libc++";
				CLANG_ENABLE_MODULES = YES;
				CLANG_ENABLE_OBJC_ARC = YES;
				CLANG_ENABLE_OBJC_WEAK = YES;
				CLANG_WARN_BLOCK_CAPTURE_AUTORELEASING = YES;
				CLANG_WARN_BOOL_CONVERSION = YES;
				CLANG_WARN_COMMA = YES;
				CLANG_WARN_CONSTANT_CONVERSION = YES;
				CLANG_WARN_DEPRECATED_OBJC_IMPLEMENTATIONS = YES;
				CLANG_WARN_DIRECT_OBJC_ISA_USAGE = YES_ERROR;
				CLANG_WARN_DOCUMENTATION_COMMENTS = YES;
				CLANG_WARN_EMPTY_BODY = YES;
				CLANG_WARN_ENUM_CONVERSION = YES;
				CLANG_WARN_INFINITE_RECURSION = YES;
				CLANG_WARN_INT_CONVERSION = YES;
				CLANG_WARN_NON_LITERAL_NULL_CONVERSION = YES;
				CLANG_WARN_OBJC_IMPLICIT_RETAIN_SELF = YES;
				CLANG_WARN_OBJC_LITERAL_CONVERSION = YES;
				CLANG_WARN_OBJC_ROOT_CLASS = YES_ERROR;
				CLANG_WARN_RANGE_LOOP_ANALYSIS = YES;
				CLANG_WARN_STRICT_PROTOTYPES = YES;
				CLANG_WARN_SUSPICIOUS_MOVE = YES;
				CLANG_WARN_UNGUARDED_AVAILABILITY = YES_AGGRESSIVE;
				CLANG_WARN_UNREACHABLE_CODE = YES;
				CLANG_WARN__DUPLICATE_METHOD_MATCH = YES;
				CODE_SIGN_IDENTITY = "iPhone Developer";
				COPY_PHASE_STRIP = NO;
				CURRENT_PROJECT_VERSION = 1;
				DEBUG_INFORMATION_FORMAT = dwarf;
				ENABLE_STRICT_OBJC_MSGSEND = YES;
				ENABLE_TESTABILITY = YES;
				GCC_C_LANGUAGE_STANDARD = gnu11;
				GCC_DYNAMIC_NO_PIC = NO;
				GCC_NO_COMMON_BLOCKS = YES;
				GCC_OPTIMIZATION_LEVEL = 0;
				GCC_PREPROCESSOR_DEFINITIONS = (
					"DEBUG=1",
					"$(inherited)",
				);
				GCC_WARN_64_TO_32_BIT_CONVERSION = YES;
				GCC_WARN_ABOUT_RETURN_TYPE = YES_ERROR;
				GCC_WARN_UNDECLARED_SELECTOR = YES;
				GCC_WARN_UNINITIALIZED_AUTOS = YES_AGGRESSIVE;
				GCC_WARN_UNUSED_FUNCTION = YES;
				GCC_WARN_UNUSED_VARIABLE = YES;
				IPHONEOS_DEPLOYMENT_TARGET = 12.1;
				MTL_ENABLE_DEBUG_INFO = INCLUDE_SOURCE;
				MTL_FAST_MATH = YES;
				ONLY_ACTIVE_ARCH = YES;
				SDKROOT = iphoneos;
				SWIFT_ACTIVE_COMPILATION_CONDITIONS = DEBUG;
				SWIFT_OPTIMIZATION_LEVEL = "-Onone";
				VERSIONING_SYSTEM = "apple-generic";
				VERSION_INFO_PREFIX = "";
			};
			name = Debug;
		};
		A02F92A821D4C85A0052D837 /* Release */ = {
			isa = XCBuildConfiguration;
			buildSettings = {
				ALWAYS_SEARCH_USER_PATHS = NO;
				CLANG_ANALYZER_NONNULL = YES;
				CLANG_ANALYZER_NUMBER_OBJECT_CONVERSION = YES_AGGRESSIVE;
				CLANG_CXX_LANGUAGE_STANDARD = "gnu++14";
				CLANG_CXX_LIBRARY = "libc++";
				CLANG_ENABLE_MODULES = YES;
				CLANG_ENABLE_OBJC_ARC = YES;
				CLANG_ENABLE_OBJC_WEAK = YES;
				CLANG_WARN_BLOCK_CAPTURE_AUTORELEASING = YES;
				CLANG_WARN_BOOL_CONVERSION = YES;
				CLANG_WARN_COMMA = YES;
				CLANG_WARN_CONSTANT_CONVERSION = YES;
				CLANG_WARN_DEPRECATED_OBJC_IMPLEMENTATIONS = YES;
				CLANG_WARN_DIRECT_OBJC_ISA_USAGE = YES_ERROR;
				CLANG_WARN_DOCUMENTATION_COMMENTS = YES;
				CLANG_WARN_EMPTY_BODY = YES;
				CLANG_WARN_ENUM_CONVERSION = YES;
				CLANG_WARN_INFINITE_RECURSION = YES;
				CLANG_WARN_INT_CONVERSION = YES;
				CLANG_WARN_NON_LITERAL_NULL_CONVERSION = YES;
				CLANG_WARN_OBJC_IMPLICIT_RETAIN_SELF = YES;
				CLANG_WARN_OBJC_LITERAL_CONVERSION = YES;
				CLANG_WARN_OBJC_ROOT_CLASS = YES_ERROR;
				CLANG_WARN_RANGE_LOOP_ANALYSIS = YES;
				CLANG_WARN_STRICT_PROTOTYPES = YES;
				CLANG_WARN_SUSPICIOUS_MOVE = YES;
				CLANG_WARN_UNGUARDED_AVAILABILITY = YES_AGGRESSIVE;
				CLANG_WARN_UNREACHABLE_CODE = YES;
				CLANG_WARN__DUPLICATE_METHOD_MATCH = YES;
				CODE_SIGN_IDENTITY = "iPhone Developer";
				COPY_PHASE_STRIP = NO;
				CURRENT_PROJECT_VERSION = 1;
				DEBUG_INFORMATION_FORMAT = "dwarf-with-dsym";
				ENABLE_NS_ASSERTIONS = NO;
				ENABLE_STRICT_OBJC_MSGSEND = YES;
				GCC_C_LANGUAGE_STANDARD = gnu11;
				GCC_NO_COMMON_BLOCKS = YES;
				GCC_WARN_64_TO_32_BIT_CONVERSION = YES;
				GCC_WARN_ABOUT_RETURN_TYPE = YES_ERROR;
				GCC_WARN_UNDECLARED_SELECTOR = YES;
				GCC_WARN_UNINITIALIZED_AUTOS = YES_AGGRESSIVE;
				GCC_WARN_UNUSED_FUNCTION = YES;
				GCC_WARN_UNUSED_VARIABLE = YES;
				IPHONEOS_DEPLOYMENT_TARGET = 12.1;
				MTL_ENABLE_DEBUG_INFO = NO;
				MTL_FAST_MATH = YES;
				SDKROOT = iphoneos;
				SWIFT_COMPILATION_MODE = wholemodule;
				SWIFT_OPTIMIZATION_LEVEL = "-O";
				VALIDATE_PRODUCT = YES;
				VERSIONING_SYSTEM = "apple-generic";
				VERSION_INFO_PREFIX = "";
			};
			name = Release;
		};
		A02F92AA21D4C85A0052D837 /* Debug */ = {
			isa = XCBuildConfiguration;
			baseConfigurationReference = 263B4699F2F4A62F89D70291 /* Pods-ANQiNiuAPI.debug.xcconfig */;
			buildSettings = {
				APPLICATION_EXTENSION_API_ONLY = YES;
				CODE_SIGN_IDENTITY = "";
				CODE_SIGN_STYLE = Automatic;
				DEFINES_MODULE = YES;
				DEVELOPMENT_TEAM = 7SA22A9L3L;
				DYLIB_COMPATIBILITY_VERSION = 1;
				DYLIB_CURRENT_VERSION = 1;
				DYLIB_INSTALL_NAME_BASE = "@rpath";
				FRAMEWORK_SEARCH_PATHS = "$(inherited)";
				INFOPLIST_FILE = "$(SRCROOT)/Sources/Info.plist";
				INSTALL_PATH = "$(LOCAL_LIBRARY_DIR)/Frameworks";
				IPHONEOS_DEPLOYMENT_TARGET = 10.0;
				LD_RUNPATH_SEARCH_PATHS = (
					"$(inherited)",
					"@executable_path/Frameworks",
					"@loader_path/Frameworks",
				);
				MARKETING_VERSION = 2.0.0;
				PRODUCT_BUNDLE_IDENTIFIER = com.anotheren.ANQiNiuAPI;
				PRODUCT_NAME = "$(TARGET_NAME:c99extidentifier)";
				SKIP_INSTALL = YES;
				SWIFT_VERSION = 5.0;
				TARGETED_DEVICE_FAMILY = "1,2";
			};
			name = Debug;
		};
		A02F92AB21D4C85A0052D837 /* Release */ = {
			isa = XCBuildConfiguration;
			baseConfigurationReference = CDB9C07D7AFE00F39AE63994 /* Pods-ANQiNiuAPI.release.xcconfig */;
			buildSettings = {
				APPLICATION_EXTENSION_API_ONLY = YES;
				CODE_SIGN_IDENTITY = "";
				CODE_SIGN_STYLE = Automatic;
				DEFINES_MODULE = YES;
				DEVELOPMENT_TEAM = 7SA22A9L3L;
				DYLIB_COMPATIBILITY_VERSION = 1;
				DYLIB_CURRENT_VERSION = 1;
				DYLIB_INSTALL_NAME_BASE = "@rpath";
				FRAMEWORK_SEARCH_PATHS = "$(inherited)";
				INFOPLIST_FILE = "$(SRCROOT)/Sources/Info.plist";
				INSTALL_PATH = "$(LOCAL_LIBRARY_DIR)/Frameworks";
				IPHONEOS_DEPLOYMENT_TARGET = 10.0;
				LD_RUNPATH_SEARCH_PATHS = (
					"$(inherited)",
					"@executable_path/Frameworks",
					"@loader_path/Frameworks",
				);
				MARKETING_VERSION = 2.0.0;
				PRODUCT_BUNDLE_IDENTIFIER = com.anotheren.ANQiNiuAPI;
				PRODUCT_NAME = "$(TARGET_NAME:c99extidentifier)";
				SKIP_INSTALL = YES;
				SWIFT_VERSION = 5.0;
				TARGETED_DEVICE_FAMILY = "1,2";
			};
			name = Release;
		};
/* End XCBuildConfiguration section */

/* Begin XCConfigurationList section */
		A02F928F21D4C85A0052D837 /* Build configuration list for PBXProject "ANQiNiuAPI" */ = {
			isa = XCConfigurationList;
			buildConfigurations = (
				A02F92A721D4C85A0052D837 /* Debug */,
				A02F92A821D4C85A0052D837 /* Release */,
			);
			defaultConfigurationIsVisible = 0;
			defaultConfigurationName = Release;
		};
		A02F92A921D4C85A0052D837 /* Build configuration list for PBXNativeTarget "ANQiNiuAPI" */ = {
			isa = XCConfigurationList;
			buildConfigurations = (
				A02F92AA21D4C85A0052D837 /* Debug */,
				A02F92AB21D4C85A0052D837 /* Release */,
			);
			defaultConfigurationIsVisible = 0;
			defaultConfigurationName = Release;
		};
/* End XCConfigurationList section */
	};
	rootObject = A02F928C21D4C85A0052D837 /* Project object */;
}
